github.com/beorn7/perks v1.0.1 h1:VlbKKnNfV8bQeN3v21H97n3IUTj+k1E9dY+YUaEa/fE=
github.com/beorn7/perks v1.0.1/go.mod h1:Q6oFpSxtr2n8wGk32e1ETR2nAj2b5Uwn/4gZ4S3y9ys=
github.com/cespare/xxhash/v2 v2.2.0 h1:2cGo2GMIiY9A6pDXJbhecT0sM6wQGwg7naT3jU2sB58=
github.com/cespare/xxhash/v2 v2.2.0/go.mod h1:ZgornDqH9Dgcw5R2sI6fT9IWStBIApvloT0o2quU5JM=
github.com/golang/protobuf v1.5.3 h1:Uin+S6sVYx3t2vWHsQfqBg34QGR0D1brM5a2b6o/p24=
github.com/golang/protobuf v1.5.3/go.mod h1:I6E6IeI2T2xVvFeoXpxvFPJpXbyIe5aI+o2UCg1kwdY=
github.com/matttproud/golang_protobuf_extensions v1.0.4 h1:uWDRyLX5b2QoBGOmJ1zmLs/kA7v2a1L6k1s2cT5y0nI=
github.com/matttproud/golang_protobuf_extensions v1.0.4/go.mod h1:cW47qDHRaL86Pz8i3POrJ0a6r24v0b26O0p22I2e4w8=
github.com/prometheus/client_golang v1.17.0 h1:1qdj0C+5t5Po0yisfPEoXYnNqfN4Dc0W4Uu2B4o+g48=
github.com/prometheus/client_golang v1.17.0/go.mod h1:j53iWf2k0BVoqYBC2MyzG0s+HwX24d6kK6w00oGq+tQ=
github.com/prometheus/client_model v0.5.0 h1:P66fP2jJgQvI2kDNs58lCT2yK013I78uHq9Xhk7sDkU=
github.com/prometheus/client_model v0.5.0/go.mod h1:a0lT2F/KyKzU12o+5aNq+Vb2I5E2V8Y4Iqio1PQpGgQ=
github.com/prometheus/common v0.44.0 h1:8uVLNKNlWlE5BIk2N12sylIYvQ0o4j3+j3sWv8s0I2I=
github.com/prometheus/common v0.44.0/go.mod h1:9rKzL4UScWz2y2/g8xBgyN/bX1f/v2Pbz+vjK2nujX4=
github.com/prometheus/procfs v0.12.0 h1:BiMRf1e2m5fABQsmS/p2cI7e+iPx2K9/CVLpB/2oz2Q=
github.com/prometheus/procfs v0.12.0/go.mod h1:4kKbM1eL21k9l9eG2j2m1xL39fGgqg44C4s5Lf5Z2GY=
golang.org/x/sys v0.13.0 h1:b5cl5x33aWdTp2u2pT1P8l9pOsJv778A/k4rr3I/VT4=
golang.org/x/sys v0.13.0/go.mod h1:oPjhT70B23+E85evAnMySMnscs1bYroK6FG8I2tIOrk=
google.golang.org/protobuf v1.31.0 h1:5+2r0bQ55o2iN+8jnooBaqoE1T2vY2SjLQV1k2rD/eY=
google.golang.org/protobuf v1.31.0/go.mod h1:1MQQoYf2uKVPqMEgXp2s3bF3plEJkY3eGk/Nl5zfbYg=
